
Microsoft Visual Studio Solution File, Format Version 12.00
# Visual Studio Version 17
VisualStudioVersion = 17.8.34511.84
MinimumVisualStudioVersion = 10.0.40219.1
Project("{FAE04EC0-301F-11D3-BF4B-00C04F79EFBC}") = "Programa2", "Programa2.csproj", "{9E61B273-A827-4658-A9AC-2CEB6B396036}"
EndProject
Global
	GlobalSection(SolutionConfigurationPlatforms) = preSolution
		Debug|Any CPU = Debug|Any CPU
		Release|Any CPU = Release|Any CPU
	EndGlobalSection
	GlobalSection(ProjectConfigurationPlatforms) = postSolution
		{9E61B273-A827-4658-A9AC-2CEB6B396036}.Debug|Any CPU.ActiveCfg = Debug|Any CPU
		{9E61B273-A827-4658-A9AC-2CEB6B396036}.Debug|Any CPU.Build.0 = Debug|Any CPU
		{9E61B273-A827-4658-A9AC-2CEB6B396036}.Release|Any CPU.ActiveCfg = Release|Any CPU
		{9E61B273-A827-4658-A9AC-2CEB6B396036}.Release|Any CPU.Build.0 = Release|Any CPU
	EndGlobalSection
	GlobalSection(SolutionProperties) = preSolution
		HideSolutionNode = FALSE
	EndGlobalSection
	GlobalSection(ExtensibilityGlobals) = postSolution
		SolutionGuid = {79080785-D487-4870-9BD4-3076EB9C7098}
	EndGlobalSection
EndGlobal
