
Microsoft Visual Studio Solution File, Format Version 12.00
# Visual Studio Version 17
VisualStudioVersion = 17.8.34511.84
MinimumVisualStudioVersion = 10.0.40219.1
Project("{FAE04EC0-301F-11D3-BF4B-00C04F79EFBC}") = "GestionEmpleados", "GestionEmpleados.csproj", "{1D5F7F75-CB69-466F-90EF-582F8F6C92F0}"
EndProject
Global
	GlobalSection(SolutionConfigurationPlatforms) = preSolution
		Debug|Any CPU = Debug|Any CPU
		Release|Any CPU = Release|Any CPU
	EndGlobalSection
	GlobalSection(ProjectConfigurationPlatforms) = postSolution
		{1D5F7F75-CB69-466F-90EF-582F8F6C92F0}.Debug|Any CPU.ActiveCfg = Debug|Any CPU
		{1D5F7F75-CB69-466F-90EF-582F8F6C92F0}.Debug|Any CPU.Build.0 = Debug|Any CPU
		{1D5F7F75-CB69-466F-90EF-582F8F6C92F0}.Release|Any CPU.ActiveCfg = Release|Any CPU
		{1D5F7F75-CB69-466F-90EF-582F8F6C92F0}.Release|Any CPU.Build.0 = Release|Any CPU
	EndGlobalSection
	GlobalSection(SolutionProperties) = preSolution
		HideSolutionNode = FALSE
	EndGlobalSection
	GlobalSection(ExtensibilityGlobals) = postSolution
		SolutionGuid = {9E4EFE40-0124-4A20-BDC8-02190EE4025E}
	EndGlobalSection
EndGlobal
